{
    "_meta": {
        "hash": {
            "sha256": "8ccc9be3a70c8cd6212634bb8f381332b845f0d53d08940417d48bdd606f3dde"
        },
        "pipfile-spec": 6,
        "requires": {
            "python_version": "3.8"
        },
        "sources": [
            {
                "name": "pypi",
                "url": "https://pypi.org/simple",
                "verify_ssl": true
            }
        ]
    },
    "default": {
        "asgiref": {
            "hashes": [
                "sha256:7e51911ee147dd685c3c8b805c0ad0cb58d360987b56953878f8c06d2d1c6f1a",
                "sha256:9fc6fb5d39b8af147ba40765234fa822b39818b12cc80b35ad9b0cef3a476aed"
            ],
            "markers": "python_version >= '3.5'",
            "version": "==3.2.10"
        },
        "certifi": {
            "hashes": [
                "sha256:5930595817496dd21bb8dc35dad090f1c2cd0adfaf21204bf6732ca5d8ee34d3",
                "sha256:8fc0819f1f30ba15bdb34cceffb9ef04d99f420f68eb75d901e9560b8749fc41"
            ],
            "version": "==2020.6.20"
        },
        "django": {
            "hashes": [
                "sha256:a2127ad0150ec6966655bedf15dbbff9697cc86d61653db2da1afa506c0b04cc",
                "sha256:c93c28ccf1d094cbd00d860e83128a39e45d2c571d3b54361713aaaf9a94cac4"
            ],
            "index": "pypi",
            "version": "==3.1.2"
        },
        "elastic-apm": {
            "hashes": [
                "sha256:02339fc2afa69f5fcb0090a0f6138a30e50fa1506f2b4f4dc9aa35533f663047",
                "sha256:09e9a0be232ace95aa500189bbeaff1fff557b63970fe92bd9c0209c84870b15",
                "sha256:0c14d3a1b94cb60db1fc5ea89729c1fa4f0a1b44be9aa1ebf402717687e814a4",
                "sha256:1006d485c15df32331b161d46af30bfe7e37a9c12745a3065a57e711110690f4",
                "sha256:20a5fc1d40dc8fc81b97a8ca737c631180ae8a5962cab7fac6abc09dd3e54c56",
                "sha256:2204045fd334557a58c299ad3cc982b94f4e313358e9675809ab00571251f793",
                "sha256:221ab6384312f07507b8adadad1e1c04e6f692c136ef2c155a0ac5b2794a12e5",
                "sha256:2226a6cca396691da7df0b839150aa563f9dbdc09b9697c9f3bc3b915a6757cd",
                "sha256:34d826a069f39ae29f788a7dad74d8bb7111e80819c2d2e30fc86a6774ed927d",
                "sha256:38991415fe8405393eb7a5c1b008015ee6111e602df346ab3289867a318b884a",
                "sha256:508b232b51113b485990f21bf9a531ba850af481963c1984019ec6ea1aa95ff8",
                "sha256:58b8b5cc033298c057265d0ad8332526ad57f69f056b0794ed6faec2d8527919",
                "sha256:6191080e30af147f1cc509c3d36eb38d46c07e570d401f6e173516934fa1d199",
                "sha256:6a22d811c868f4be9446d942989df9df26d1fc9c2fe6116a41357c0ab2dca7c4",
                "sha256:89a3ec089a9d24bfe909dc89736d880863e6eba929f176b9fc07e1150c30defd",
                "sha256:8cd2382a038d2f90c3a6fc4eb78035e3d3f119c28c1c3b3ac6bb809723e00753",
                "sha256:a23ac59e783b061945a4963658f51654d4783c2bbd122cb75c519b4fd097fe7b",
                "sha256:a9d953e5ca7d2849e74ba8859c5539d7454ec6888791e2838c7a90644a11623c",
                "sha256:aca065c8d6177a35362e640033c1583e518fca82fc191ce3606c30a365899917",
                "sha256:b000b6c50dc630d1aa4ef14d40b2c7e63f1bcf991420ae19efad4d4b24541f27",
                "sha256:b6eef9eae29427dcf4b1b2932674e2ded3d97cc0c62c45c0dbcd402da7f4d314",
                "sha256:c5da673487ee9fd0c66c350396e3a1b9bc4149c504d2922fcf3f0a52ba68f980",
                "sha256:d5003702369bf69416a89ba0c7cc1e0750457f1ed380467cbe536be4805c1ac5",
                "sha256:d92c732add249f0310ebf6e76410d261c82dd11be07c524c41cb1e3b578227d3",
                "sha256:eb558cc6890355a3b6b45ae0272dbde18c2ab56122d7d7cbf3549ddc414f2ffe",
                "sha256:ec22756200b1fd12c6c79124f4623f6752810362a377c7ef4ea9d78b4890df8f",
                "sha256:ef9fe604299e9ed591927392583abbe4d69ff4d677bbd948d474c4eb6fee79dc",
                "sha256:f087952f5c4af262b2ab997240826ff33ed8464edb3a4a14756b25d69fac65d9",
                "sha256:f4d915b48737938209ee54b1cdefcf6a911c53e01c80e24087fdcd6383e43ef1"
            ],
            "index": "pypi",
            "version": "==5.9.0"
        },
        "pytz": {
            "hashes": [
                "sha256:a494d53b6d39c3c6e44c3bec237336e14305e4f29bbf800b599253057fbb79ed",
                "sha256:c35965d010ce31b23eeb663ed3cc8c906275d6be1a34393a1d73a41febf4a048"
            ],
            "version": "==2020.1"
        },
        "sqlparse": {
            "hashes": [
                "sha256:017cde379adbd6a1f15a61873f43e8274179378e95ef3fede90b5aa64d304ed0",
                "sha256:0f91fd2e829c44362cbcfab3e9ae12e22badaa8a29ad5ff599f9ec109f0454e8"
            ],
            "markers": "python_version >= '3.5'",
            "version": "==0.4.1"
        },
        "urllib3": {
            "hashes": [
                "sha256:8d7eaa5a82a1cac232164990f04874c594c9453ec55eef02eab885aa02fc17a2",
                "sha256:f5321fbe4bf3fefa0efd0bfe7fb14e90909eb62a48ccda331726b4319897dd5e"
            ],
            "markers": "python_version >= '2.7' and python_version not in '3.0, 3.1, 3.2, 3.3, 3.4' and python_version < '4'",
            "version": "==1.25.11"
        }
    },
    "develop": {}
}
